// !$*UTF8*$!
{
	archiveVersion = 1;
	classes = {
	};
	objectVersion = 46;
	objects = {

/* Begin PBXBuildFile section */
		4D1720E81E9C083600AB7833 /* GoogleCloudDestinationTests.swift in Sources */ = {isa = PBXBuildFile; fileRef = 4D1720E71E9C083600AB7833 /* GoogleCloudDestinationTests.swift */; };
		4D331ADF1F1E8E1100B1C25E /* Base64.swift in Sources */ = {isa = PBXBuildFile; fileRef = 4D331ADE1F1E8E1100B1C25E /* Base64.swift */; };
		4D331AE01F1E8EA700B1C25E /* Base64.swift in Sources */ = {isa = PBXBuildFile; fileRef = 4D331ADE1F1E8E1100B1C25E /* Base64.swift */; };
		4D331AE11F1E8EAB00B1C25E /* Base64.swift in Sources */ = {isa = PBXBuildFile; fileRef = 4D331ADE1F1E8E1100B1C25E /* Base64.swift */; };
		4D331AE21F1E8EAC00B1C25E /* Base64.swift in Sources */ = {isa = PBXBuildFile; fileRef = 4D331ADE1F1E8E1100B1C25E /* Base64.swift */; };
		9E2AEAD11D9BB46300F21B1F /* AES256CBCTests.swift in Sources */ = {isa = PBXBuildFile; fileRef = 9E2AEAC81D9BB46300F21B1F /* AES256CBCTests.swift */; };
		9E2AEAD21D9BB46300F21B1F /* BaseDestinationTests.swift in Sources */ = {isa = PBXBuildFile; fileRef = 9E2AEAC91D9BB46300F21B1F /* BaseDestinationTests.swift */; };
		9E2AEAD31D9BB46300F21B1F /* DestinationSetTests.swift in Sources */ = {isa = PBXBuildFile; fileRef = 9E2AEACA1D9BB46300F21B1F /* DestinationSetTests.swift */; };
		9E2AEAD41D9BB46300F21B1F /* FileDestinationTests.swift in Sources */ = {isa = PBXBuildFile; fileRef = 9E2AEACB1D9BB46300F21B1F /* FileDestinationTests.swift */; };
		9E2AEAD51D9BB46300F21B1F /* FilterTests.swift in Sources */ = {isa = PBXBuildFile; fileRef = 9E2AEACC1D9BB46300F21B1F /* FilterTests.swift */; };
		9E2AEAD61D9BB46300F21B1F /* SBPlatformDestinationTests.swift in Sources */ = {isa = PBXBuildFile; fileRef = 9E2AEACD1D9BB46300F21B1F /* SBPlatformDestinationTests.swift */; };
		9E2AEAD81D9BB46300F21B1F /* SecretsExample.swift in Sources */ = {isa = PBXBuildFile; fileRef = 9E2AEACF1D9BB46300F21B1F /* SecretsExample.swift */; };
		9E2AEAD91D9BB46300F21B1F /* SwiftyBeaverTests.swift in Sources */ = {isa = PBXBuildFile; fileRef = 9E2AEAD01D9BB46300F21B1F /* SwiftyBeaverTests.swift */; };
		9E8F38B61FE12E9800BE9A80 /* Extensions.swift in Sources */ = {isa = PBXBuildFile; fileRef = 9E8F38B51FE12E9800BE9A80 /* Extensions.swift */; };
		9E8F38B81FE12E9800BE9A80 /* Extensions.swift in Sources */ = {isa = PBXBuildFile; fileRef = 9E8F38B51FE12E9800BE9A80 /* Extensions.swift */; };
		9E8F38B91FE12E9800BE9A80 /* Extensions.swift in Sources */ = {isa = PBXBuildFile; fileRef = 9E8F38B51FE12E9800BE9A80 /* Extensions.swift */; };
		9E8F38BA1FE12E9800BE9A80 /* Extensions.swift in Sources */ = {isa = PBXBuildFile; fileRef = 9E8F38B51FE12E9800BE9A80 /* Extensions.swift */; };
		9EDCE3EF1C09D211002FA4A7 /* SwiftyBeaver.framework in Frameworks */ = {isa = PBXBuildFile; fileRef = 9EDCE3E41C09D211002FA4A7 /* SwiftyBeaver.framework */; };
		CB0FC3071EB8ABA00094E03A /* AES256CBC.swift in Sources */ = {isa = PBXBuildFile; fileRef = CB5233FE1EB0EB4600739CFB /* AES256CBC.swift */; };
		CB0FC3081EB8ABA00094E03A /* BaseDestination.swift in Sources */ = {isa = PBXBuildFile; fileRef = CB5233FF1EB0EB4600739CFB /* BaseDestination.swift */; };
		CB0FC3091EB8ABA00094E03A /* ConsoleDestination.swift in Sources */ = {isa = PBXBuildFile; fileRef = CB5234001EB0EB4600739CFB /* ConsoleDestination.swift */; };
		CB0FC30A1EB8ABA00094E03A /* FileDestination.swift in Sources */ = {isa = PBXBuildFile; fileRef = CB5234011EB0EB4600739CFB /* FileDestination.swift */; };
		CB0FC30B1EB8ABA00094E03A /* Filter.swift in Sources */ = {isa = PBXBuildFile; fileRef = CB5234021EB0EB4600739CFB /* Filter.swift */; };
		CB0FC30C1EB8ABA00094E03A /* GoogleCloudDestination.swift in Sources */ = {isa = PBXBuildFile; fileRef = CB5234031EB0EB4600739CFB /* GoogleCloudDestination.swift */; };
		CB0FC30D1EB8ABA00094E03A /* SBPlatformDestination.swift in Sources */ = {isa = PBXBuildFile; fileRef = CB5234041EB0EB4600739CFB /* SBPlatformDestination.swift */; };
		CB0FC30E1EB8ABA00094E03A /* SwiftyBeaver.swift in Sources */ = {isa = PBXBuildFile; fileRef = CB5234051EB0EB4600739CFB /* SwiftyBeaver.swift */; };
		CB0FC30F1EB8ABA10094E03A /* AES256CBC.swift in Sources */ = {isa = PBXBuildFile; fileRef = CB5233FE1EB0EB4600739CFB /* AES256CBC.swift */; };
		CB0FC3101EB8ABA10094E03A /* BaseDestination.swift in Sources */ = {isa = PBXBuildFile; fileRef = CB5233FF1EB0EB4600739CFB /* BaseDestination.swift */; };
		CB0FC3111EB8ABA10094E03A /* ConsoleDestination.swift in Sources */ = {isa = PBXBuildFile; fileRef = CB5234001EB0EB4600739CFB /* ConsoleDestination.swift */; };
		CB0FC3121EB8ABA10094E03A /* FileDestination.swift in Sources */ = {isa = PBXBuildFile; fileRef = CB5234011EB0EB4600739CFB /* FileDestination.swift */; };
		CB0FC3131EB8ABA10094E03A /* Filter.swift in Sources */ = {isa = PBXBuildFile; fileRef = CB5234021EB0EB4600739CFB /* Filter.swift */; };
		CB0FC3141EB8ABA10094E03A /* GoogleCloudDestination.swift in Sources */ = {isa = PBXBuildFile; fileRef = CB5234031EB0EB4600739CFB /* GoogleCloudDestination.swift */; };
		CB0FC3151EB8ABA10094E03A /* SBPlatformDestination.swift in Sources */ = {isa = PBXBuildFile; fileRef = CB5234041EB0EB4600739CFB /* SBPlatformDestination.swift */; };
		CB0FC3161EB8ABA10094E03A /* SwiftyBeaver.swift in Sources */ = {isa = PBXBuildFile; fileRef = CB5234051EB0EB4600739CFB /* SwiftyBeaver.swift */; };
		CB0FC3171EB8ABA10094E03A /* AES256CBC.swift in Sources */ = {isa = PBXBuildFile; fileRef = CB5233FE1EB0EB4600739CFB /* AES256CBC.swift */; };
		CB0FC3181EB8ABA10094E03A /* BaseDestination.swift in Sources */ = {isa = PBXBuildFile; fileRef = CB5233FF1EB0EB4600739CFB /* BaseDestination.swift */; };
		CB0FC3191EB8ABA10094E03A /* ConsoleDestination.swift in Sources */ = {isa = PBXBuildFile; fileRef = CB5234001EB0EB4600739CFB /* ConsoleDestination.swift */; };
		CB0FC31A1EB8ABA10094E03A /* FileDestination.swift in Sources */ = {isa = PBXBuildFile; fileRef = CB5234011EB0EB4600739CFB /* FileDestination.swift */; };
		CB0FC31B1EB8ABA10094E03A /* Filter.swift in Sources */ = {isa = PBXBuildFile; fileRef = CB5234021EB0EB4600739CFB /* Filter.swift */; };
		CB0FC31C1EB8ABA10094E03A /* GoogleCloudDestination.swift in Sources */ = {isa = PBXBuildFile; fileRef = CB5234031EB0EB4600739CFB /* GoogleCloudDestination.swift */; };
		CB0FC31D1EB8ABA10094E03A /* SBPlatformDestination.swift in Sources */ = {isa = PBXBuildFile; fileRef = CB5234041EB0EB4600739CFB /* SBPlatformDestination.swift */; };
		CB0FC31E1EB8ABA10094E03A /* SwiftyBeaver.swift in Sources */ = {isa = PBXBuildFile; fileRef = CB5234051EB0EB4600739CFB /* SwiftyBeaver.swift */; };
		CB5234061EB0EB4600739CFB /* AES256CBC.swift in Sources */ = {isa = PBXBuildFile; fileRef = CB5233FE1EB0EB4600739CFB /* AES256CBC.swift */; };
		CB5234071EB0EB4600739CFB /* BaseDestination.swift in Sources */ = {isa = PBXBuildFile; fileRef = CB5233FF1EB0EB4600739CFB /* BaseDestination.swift */; };
		CB5234081EB0EB4600739CFB /* ConsoleDestination.swift in Sources */ = {isa = PBXBuildFile; fileRef = CB5234001EB0EB4600739CFB /* ConsoleDestination.swift */; };
		CB5234091EB0EB4600739CFB /* FileDestination.swift in Sources */ = {isa = PBXBuildFile; fileRef = CB5234011EB0EB4600739CFB /* FileDestination.swift */; };
		CB52340A1EB0EB4600739CFB /* Filter.swift in Sources */ = {isa = PBXBuildFile; fileRef = CB5234021EB0EB4600739CFB /* Filter.swift */; };
		CB52340B1EB0EB4600739CFB /* GoogleCloudDestination.swift in Sources */ = {isa = PBXBuildFile; fileRef = CB5234031EB0EB4600739CFB /* GoogleCloudDestination.swift */; };
		CB52340C1EB0EB4600739CFB /* SBPlatformDestination.swift in Sources */ = {isa = PBXBuildFile; fileRef = CB5234041EB0EB4600739CFB /* SBPlatformDestination.swift */; };
		CB52340D1EB0EB4600739CFB /* SwiftyBeaver.swift in Sources */ = {isa = PBXBuildFile; fileRef = CB5234051EB0EB4600739CFB /* SwiftyBeaver.swift */; };
/* End PBXBuildFile section */

/* Begin PBXContainerItemProxy section */
		9EDCE3F01C09D211002FA4A7 /* PBXContainerItemProxy */ = {
			isa = PBXContainerItemProxy;
			containerPortal = 9EDCE3DB1C09D211002FA4A7 /* Project object */;
			proxyType = 1;
			remoteGlobalIDString = 9EDCE3E31C09D211002FA4A7;
			remoteInfo = SwiftyBeaver;
		};
/* End PBXContainerItemProxy section */

/* Begin PBXFileReference section */
		4D1720E71E9C083600AB7833 /* GoogleCloudDestinationTests.swift */ = {isa = PBXFileReference; fileEncoding = 4; lastKnownFileType = sourcecode.swift; name = GoogleCloudDestinationTests.swift; path = Tests/SwiftyBeaverTests/GoogleCloudDestinationTests.swift; sourceTree = "<group>"; };
		4D331ADE1F1E8E1100B1C25E /* Base64.swift */ = {isa = PBXFileReference; lastKnownFileType = sourcecode.swift; path = Base64.swift; sourceTree = "<group>"; };
		9E11A1DA1D92654E002112B6 /* .swiftlint.yml */ = {isa = PBXFileReference; lastKnownFileType = text; path = .swiftlint.yml; sourceTree = "<group>"; };
		9E195B101C6B766D00D924CB /* Info.plist */ = {isa = PBXFileReference; fileEncoding = 4; lastKnownFileType = text.plist.xml; path = Info.plist; sourceTree = "<group>"; };
		9E2AEAC51D9BB43C00F21B1F /* LinuxMain.swift */ = {isa = PBXFileReference; lastKnownFileType = sourcecode.swift; name = LinuxMain.swift; path = Tests/LinuxMain.swift; sourceTree = "<group>"; };
		9E2AEAC61D9BB44700F21B1F /* Info.plist */ = {isa = PBXFileReference; fileEncoding = 4; lastKnownFileType = text.plist.xml; name = Info.plist; path = Tests/Info.plist; sourceTree = "<group>"; };
		9E2AEAC81D9BB46300F21B1F /* AES256CBCTests.swift */ = {isa = PBXFileReference; fileEncoding = 4; lastKnownFileType = sourcecode.swift; name = AES256CBCTests.swift; path = Tests/SwiftyBeaverTests/AES256CBCTests.swift; sourceTree = "<group>"; };
		9E2AEAC91D9BB46300F21B1F /* BaseDestinationTests.swift */ = {isa = PBXFileReference; fileEncoding = 4; lastKnownFileType = sourcecode.swift; name = BaseDestinationTests.swift; path = Tests/SwiftyBeaverTests/BaseDestinationTests.swift; sourceTree = "<group>"; };
		9E2AEACA1D9BB46300F21B1F /* DestinationSetTests.swift */ = {isa = PBXFileReference; fileEncoding = 4; lastKnownFileType = sourcecode.swift; name = DestinationSetTests.swift; path = Tests/SwiftyBeaverTests/DestinationSetTests.swift; sourceTree = "<group>"; };
		9E2AEACB1D9BB46300F21B1F /* FileDestinationTests.swift */ = {isa = PBXFileReference; fileEncoding = 4; lastKnownFileType = sourcecode.swift; name = FileDestinationTests.swift; path = Tests/SwiftyBeaverTests/FileDestinationTests.swift; sourceTree = "<group>"; };
		9E2AEACC1D9BB46300F21B1F /* FilterTests.swift */ = {isa = PBXFileReference; fileEncoding = 4; lastKnownFileType = sourcecode.swift; name = FilterTests.swift; path = Tests/SwiftyBeaverTests/FilterTests.swift; sourceTree = "<group>"; };
		9E2AEACD1D9BB46300F21B1F /* SBPlatformDestinationTests.swift */ = {isa = PBXFileReference; fileEncoding = 4; lastKnownFileType = sourcecode.swift; name = SBPlatformDestinationTests.swift; path = Tests/SwiftyBeaverTests/SBPlatformDestinationTests.swift; sourceTree = "<group>"; };
		9E2AEACF1D9BB46300F21B1F /* SecretsExample.swift */ = {isa = PBXFileReference; fileEncoding = 4; lastKnownFileType = sourcecode.swift; name = SecretsExample.swift; path = Tests/SwiftyBeaverTests/SecretsExample.swift; sourceTree = "<group>"; };
		9E2AEAD01D9BB46300F21B1F /* SwiftyBeaverTests.swift */ = {isa = PBXFileReference; fileEncoding = 4; lastKnownFileType = sourcecode.swift; name = SwiftyBeaverTests.swift; path = Tests/SwiftyBeaverTests/SwiftyBeaverTests.swift; sourceTree = "<group>"; };
		9E4BBDFA1C09EB7F00220716 /* .gitignore */ = {isa = PBXFileReference; fileEncoding = 4; lastKnownFileType = text; path = .gitignore; sourceTree = "<group>"; };
		9E4BBDFE1C0A01D000220716 /* README.md */ = {isa = PBXFileReference; fileEncoding = 4; lastKnownFileType = net.daringfireball.markdown; path = README.md; sourceTree = "<group>"; };
		9E6CAA471C148EC1009D9093 /* SwiftyBeaver.podspec */ = {isa = PBXFileReference; fileEncoding = 4; lastKnownFileType = text; path = SwiftyBeaver.podspec; sourceTree = "<group>"; };
		9E6CAA491C149579009D9093 /* LICENSE */ = {isa = PBXFileReference; fileEncoding = 4; lastKnownFileType = text; path = LICENSE; sourceTree = "<group>"; };
		9E74FEA81CD74AFA0024DD76 /* CHANGELOG.md */ = {isa = PBXFileReference; lastKnownFileType = net.daringfireball.markdown; path = CHANGELOG.md; sourceTree = "<group>"; };
		9E8F38B51FE12E9800BE9A80 /* Extensions.swift */ = {isa = PBXFileReference; fileEncoding = 4; lastKnownFileType = sourcecode.swift; name = Extensions.swift; path = Sources/Extensions.swift; sourceTree = SOURCE_ROOT; };
		9EA8054D1D9BB54100348BC6 /* Dockerfile */ = {isa = PBXFileReference; lastKnownFileType = text; path = Dockerfile; sourceTree = "<group>"; };
		9EDCE3E41C09D211002FA4A7 /* SwiftyBeaver.framework */ = {isa = PBXFileReference; explicitFileType = wrapper.framework; includeInIndex = 0; path = SwiftyBeaver.framework; sourceTree = BUILT_PRODUCTS_DIR; };
		9EDCE3EE1C09D211002FA4A7 /* SwiftyBeaverTests.xctest */ = {isa = PBXFileReference; explicitFileType = wrapper.cfbundle; includeInIndex = 0; path = SwiftyBeaverTests.xctest; sourceTree = BUILT_PRODUCTS_DIR; };
		ACE597841C1882DF0031451F /* SwiftyBeaver.framework */ = {isa = PBXFileReference; explicitFileType = wrapper.framework; includeInIndex = 0; path = SwiftyBeaver.framework; sourceTree = BUILT_PRODUCTS_DIR; };
		ACE597951C18830D0031451F /* SwiftyBeaver.framework */ = {isa = PBXFileReference; explicitFileType = wrapper.framework; includeInIndex = 0; path = SwiftyBeaver.framework; sourceTree = BUILT_PRODUCTS_DIR; };
		ACE597A61C18832E0031451F /* SwiftyBeaver.framework */ = {isa = PBXFileReference; explicitFileType = wrapper.framework; includeInIndex = 0; path = SwiftyBeaver.framework; sourceTree = BUILT_PRODUCTS_DIR; };
		CB5233FE1EB0EB4600739CFB /* AES256CBC.swift */ = {isa = PBXFileReference; fileEncoding = 4; lastKnownFileType = sourcecode.swift; path = AES256CBC.swift; sourceTree = "<group>"; };
		CB5233FF1EB0EB4600739CFB /* BaseDestination.swift */ = {isa = PBXFileReference; fileEncoding = 4; lastKnownFileType = sourcecode.swift; path = BaseDestination.swift; sourceTree = "<group>"; };
		CB5234001EB0EB4600739CFB /* ConsoleDestination.swift */ = {isa = PBXFileReference; fileEncoding = 4; lastKnownFileType = sourcecode.swift; path = ConsoleDestination.swift; sourceTree = "<group>"; };
		CB5234011EB0EB4600739CFB /* FileDestination.swift */ = {isa = PBXFileReference; fileEncoding = 4; lastKnownFileType = sourcecode.swift; path = FileDestination.swift; sourceTree = "<group>"; };
		CB5234021EB0EB4600739CFB /* Filter.swift */ = {isa = PBXFileReference; fileEncoding = 4; lastKnownFileType = sourcecode.swift; path = Filter.swift; sourceTree = "<group>"; };
		CB5234031EB0EB4600739CFB /* GoogleCloudDestination.swift */ = {isa = PBXFileReference; fileEncoding = 4; lastKnownFileType = sourcecode.swift; path = GoogleCloudDestination.swift; sourceTree = "<group>"; };
		CB5234041EB0EB4600739CFB /* SBPlatformDestination.swift */ = {isa = PBXFileReference; fileEncoding = 4; lastKnownFileType = sourcecode.swift; path = SBPlatformDestination.swift; sourceTree = "<group>"; };
		CB5234051EB0EB4600739CFB /* SwiftyBeaver.swift */ = {isa = PBXFileReference; fileEncoding = 4; lastKnownFileType = sourcecode.swift; path = SwiftyBeaver.swift; sourceTree = "<group>"; };
/* End PBXFileReference section */

/* Begin PBXFrameworksBuildPhase section */
		9EDCE3E01C09D211002FA4A7 /* Frameworks */ = {
			isa = PBXFrameworksBuildPhase;
			buildActionMask = 2147483647;
			files = (
			);
			runOnlyForDeploymentPostprocessing = 0;
		};
		9EDCE3EB1C09D211002FA4A7 /* Frameworks */ = {
			isa = PBXFrameworksBuildPhase;
			buildActionMask = 2147483647;
			files = (
				9EDCE3EF1C09D211002FA4A7 /* SwiftyBeaver.framework in Frameworks */,
			);
			runOnlyForDeploymentPostprocessing = 0;
		};
		ACE5977B1C1882DF0031451F /* Frameworks */ = {
			isa = PBXFrameworksBuildPhase;
			buildActionMask = 2147483647;
			files = (
			);
			runOnlyForDeploymentPostprocessing = 0;
		};
		ACE5978C1C18830D0031451F /* Frameworks */ = {
			isa = PBXFrameworksBuildPhase;
			buildActionMask = 2147483647;
			files = (
			);
			runOnlyForDeploymentPostprocessing = 0;
		};
		ACE5979D1C18832E0031451F /* Frameworks */ = {
			isa = PBXFrameworksBuildPhase;
			buildActionMask = 2147483647;
			files = (
			);
			runOnlyForDeploymentPostprocessing = 0;
		};
/* End PBXFrameworksBuildPhase section */

/* Begin PBXGroup section */
		9E2AEAC31D9BB3D000F21B1F /* Tests */ = {
			isa = PBXGroup;
			children = (
				9E2AEAC61D9BB44700F21B1F /* Info.plist */,
				9E2AEAC51D9BB43C00F21B1F /* LinuxMain.swift */,
				9E2AEAC41D9BB3E700F21B1F /* SwiftyBeaverTests */,
			);
			name = Tests;
			sourceTree = "<group>";
		};
		9E2AEAC41D9BB3E700F21B1F /* SwiftyBeaverTests */ = {
			isa = PBXGroup;
			children = (
				9E2AEAC81D9BB46300F21B1F /* AES256CBCTests.swift */,
				9E2AEAC91D9BB46300F21B1F /* BaseDestinationTests.swift */,
				9E2AEACA1D9BB46300F21B1F /* DestinationSetTests.swift */,
				9E2AEACB1D9BB46300F21B1F /* FileDestinationTests.swift */,
				9E2AEACC1D9BB46300F21B1F /* FilterTests.swift */,
				9E2AEACD1D9BB46300F21B1F /* SBPlatformDestinationTests.swift */,
				9E2AEACF1D9BB46300F21B1F /* SecretsExample.swift */,
				9E2AEAD01D9BB46300F21B1F /* SwiftyBeaverTests.swift */,
				4D1720E71E9C083600AB7833 /* GoogleCloudDestinationTests.swift */,
			);
			name = SwiftyBeaverTests;
			sourceTree = "<group>";
		};
		9E31D62A1C185ED0004E0980 /* Sources */ = {
			isa = PBXGroup;
			children = (
				CB5233FE1EB0EB4600739CFB /* AES256CBC.swift */,
				CB5233FF1EB0EB4600739CFB /* BaseDestination.swift */,
				CB5234001EB0EB4600739CFB /* ConsoleDestination.swift */,
				CB5234011EB0EB4600739CFB /* FileDestination.swift */,
				CB5234021EB0EB4600739CFB /* Filter.swift */,
				CB5234031EB0EB4600739CFB /* GoogleCloudDestination.swift */,
				CB5234041EB0EB4600739CFB /* SBPlatformDestination.swift */,
				CB5234051EB0EB4600739CFB /* SwiftyBeaver.swift */,
				4D331ADE1F1E8E1100B1C25E /* Base64.swift */,
				9E8F38B51FE12E9800BE9A80 /* Extensions.swift */,
			);
			path = Sources;
			sourceTree = "<group>";
		};
		9EDCE3DA1C09D211002FA4A7 = {
			isa = PBXGroup;
			children = (
				9E4BBDFA1C09EB7F00220716 /* .gitignore */,
				9E11A1DA1D92654E002112B6 /* .swiftlint.yml */,
				9E6CAA491C149579009D9093 /* LICENSE */,
				9EA8054D1D9BB54100348BC6 /* Dockerfile */,
				9E195B101C6B766D00D924CB /* Info.plist */,
				9E74FEA81CD74AFA0024DD76 /* CHANGELOG.md */,
				9E4BBDFE1C0A01D000220716 /* README.md */,
				9E6CAA471C148EC1009D9093 /* SwiftyBeaver.podspec */,
				9E31D62A1C185ED0004E0980 /* Sources */,
				9E2AEAC31D9BB3D000F21B1F /* Tests */,
				9EDCE3E51C09D211002FA4A7 /* Products */,
			);
			sourceTree = "<group>";
		};
		9EDCE3E51C09D211002FA4A7 /* Products */ = {
			isa = PBXGroup;
			children = (
				9EDCE3E41C09D211002FA4A7 /* SwiftyBeaver.framework */,
				9EDCE3EE1C09D211002FA4A7 /* SwiftyBeaverTests.xctest */,
				ACE597841C1882DF0031451F /* SwiftyBeaver.framework */,
				ACE597951C18830D0031451F /* SwiftyBeaver.framework */,
				ACE597A61C18832E0031451F /* SwiftyBeaver.framework */,
			);
			name = Products;
			sourceTree = "<group>";
		};
/* End PBXGroup section */

/* Begin PBXHeadersBuildPhase section */
		9EDCE3E11C09D211002FA4A7 /* Headers */ = {
			isa = PBXHeadersBuildPhase;
			buildActionMask = 2147483647;
			files = (
			);
			runOnlyForDeploymentPostprocessing = 0;
		};
		ACE5977C1C1882DF0031451F /* Headers */ = {
			isa = PBXHeadersBuildPhase;
			buildActionMask = 2147483647;
			files = (
			);
			runOnlyForDeploymentPostprocessing = 0;
		};
		ACE5978D1C18830D0031451F /* Headers */ = {
			isa = PBXHeadersBuildPhase;
			buildActionMask = 2147483647;
			files = (
			);
			runOnlyForDeploymentPostprocessing = 0;
		};
		ACE5979E1C18832E0031451F /* Headers */ = {
			isa = PBXHeadersBuildPhase;
			buildActionMask = 2147483647;
			files = (
			);
			runOnlyForDeploymentPostprocessing = 0;
		};
/* End PBXHeadersBuildPhase section */

/* Begin PBXNativeTarget section */
		9EDCE3E31C09D211002FA4A7 /* SwiftyBeaver (iOS) */ = {
			isa = PBXNativeTarget;
			buildConfigurationList = 9EDCE3F81C09D211002FA4A7 /* Build configuration list for PBXNativeTarget "SwiftyBeaver (iOS)" */;
			buildPhases = (
				9EDCE3DF1C09D211002FA4A7 /* Sources */,
				9EDCE3E01C09D211002FA4A7 /* Frameworks */,
				9EDCE3E11C09D211002FA4A7 /* Headers */,
				9EDCE3E21C09D211002FA4A7 /* Resources */,
			);
			buildRules = (
			);
			dependencies = (
			);
			name = "SwiftyBeaver (iOS)";
			productName = SwiftyBeaver;
			productReference = 9EDCE3E41C09D211002FA4A7 /* SwiftyBeaver.framework */;
			productType = "com.apple.product-type.framework";
		};
		9EDCE3ED1C09D211002FA4A7 /* SwiftyBeaverTests */ = {
			isa = PBXNativeTarget;
			buildConfigurationList = 9EDCE3FB1C09D211002FA4A7 /* Build configuration list for PBXNativeTarget "SwiftyBeaverTests" */;
			buildPhases = (
				9EDCE3EA1C09D211002FA4A7 /* Sources */,
				9EDCE3EB1C09D211002FA4A7 /* Frameworks */,
				9EDCE3EC1C09D211002FA4A7 /* Resources */,
			);
			buildRules = (
			);
			dependencies = (
				9EDCE3F11C09D211002FA4A7 /* PBXTargetDependency */,
			);
			name = SwiftyBeaverTests;
			productName = SwiftyBeaverTests;
			productReference = 9EDCE3EE1C09D211002FA4A7 /* SwiftyBeaverTests.xctest */;
			productType = "com.apple.product-type.bundle.unit-test";
		};
		ACE597751C1882DF0031451F /* SwiftyBeaver (watchOS) */ = {
			isa = PBXNativeTarget;
			buildConfigurationList = ACE597811C1882DF0031451F /* Build configuration list for PBXNativeTarget "SwiftyBeaver (watchOS)" */;
			buildPhases = (
				ACE597761C1882DF0031451F /* Sources */,
				ACE5977B1C1882DF0031451F /* Frameworks */,
				ACE5977C1C1882DF0031451F /* Headers */,
				ACE5977D1C1882DF0031451F /* Resources */,
			);
			buildRules = (
			);
			dependencies = (
			);
			name = "SwiftyBeaver (watchOS)";
			productName = SwiftyBeaver;
			productReference = ACE597841C1882DF0031451F /* SwiftyBeaver.framework */;
			productType = "com.apple.product-type.framework";
		};
		ACE597861C18830D0031451F /* SwiftyBeaver (tvOS) */ = {
			isa = PBXNativeTarget;
			buildConfigurationList = ACE597921C18830D0031451F /* Build configuration list for PBXNativeTarget "SwiftyBeaver (tvOS)" */;
			buildPhases = (
				ACE597871C18830D0031451F /* Sources */,
				ACE5978C1C18830D0031451F /* Frameworks */,
				ACE5978D1C18830D0031451F /* Headers */,
				ACE5978E1C18830D0031451F /* Resources */,
			);
			buildRules = (
			);
			dependencies = (
			);
			name = "SwiftyBeaver (tvOS)";
			productName = SwiftyBeaver;
			productReference = ACE597951C18830D0031451F /* SwiftyBeaver.framework */;
			productType = "com.apple.product-type.framework";
		};
		ACE597971C18832E0031451F /* SwiftyBeaver (macOS) */ = {
			isa = PBXNativeTarget;
			buildConfigurationList = ACE597A31C18832E0031451F /* Build configuration list for PBXNativeTarget "SwiftyBeaver (macOS)" */;
			buildPhases = (
				ACE597981C18832E0031451F /* Sources */,
				ACE5979D1C18832E0031451F /* Frameworks */,
				ACE5979E1C18832E0031451F /* Headers */,
				ACE5979F1C18832E0031451F /* Resources */,
			);
			buildRules = (
			);
			dependencies = (
			);
			name = "SwiftyBeaver (macOS)";
			productName = SwiftyBeaver;
			productReference = ACE597A61C18832E0031451F /* SwiftyBeaver.framework */;
			productType = "com.apple.product-type.framework";
		};
/* End PBXNativeTarget section */

/* Begin PBXProject section */
		9EDCE3DB1C09D211002FA4A7 /* Project object */ = {
			isa = PBXProject;
			attributes = {
				LastSwiftUpdateCheck = 0710;
				LastUpgradeCheck = 0930;
				ORGANIZATIONNAME = "Sebastian Kreutzberger";
				TargetAttributes = {
					9EDCE3E31C09D211002FA4A7 = {
						CreatedOnToolsVersion = 7.1.1;
						LastSwiftMigration = 0900;
						ProvisioningStyle = Manual;
					};
					9EDCE3ED1C09D211002FA4A7 = {
						CreatedOnToolsVersion = 7.1.1;
						LastSwiftMigration = 0900;
						ProvisioningStyle = Manual;
					};
					ACE597751C1882DF0031451F = {
						ProvisioningStyle = Manual;
					};
					ACE597861C18830D0031451F = {
						ProvisioningStyle = Manual;
					};
					ACE597971C18832E0031451F = {
						ProvisioningStyle = Manual;
					};
				};
			};
			buildConfigurationList = 9EDCE3DE1C09D211002FA4A7 /* Build configuration list for PBXProject "SwiftyBeaver" */;
			compatibilityVersion = "Xcode 3.2";
			developmentRegion = English;
			hasScannedForEncodings = 0;
			knownRegions = (
				en,
			);
			mainGroup = 9EDCE3DA1C09D211002FA4A7;
			productRefGroup = 9EDCE3E51C09D211002FA4A7 /* Products */;
			projectDirPath = "";
			projectRoot = "";
			targets = (
				9EDCE3E31C09D211002FA4A7 /* SwiftyBeaver (iOS) */,
				9EDCE3ED1C09D211002FA4A7 /* SwiftyBeaverTests */,
				ACE597751C1882DF0031451F /* SwiftyBeaver (watchOS) */,
				ACE597861C18830D0031451F /* SwiftyBeaver (tvOS) */,
				ACE597971C18832E0031451F /* SwiftyBeaver (macOS) */,
			);
		};
/* End PBXProject section */

/* Begin PBXResourcesBuildPhase section */
		9EDCE3E21C09D211002FA4A7 /* Resources */ = {
			isa = PBXResourcesBuildPhase;
			buildActionMask = 2147483647;
			files = (
			);
			runOnlyForDeploymentPostprocessing = 0;
		};
		9EDCE3EC1C09D211002FA4A7 /* Resources */ = {
			isa = PBXResourcesBuildPhase;
			buildActionMask = 2147483647;
			files = (
			);
			runOnlyForDeploymentPostprocessing = 0;
		};
		ACE5977D1C1882DF0031451F /* Resources */ = {
			isa = PBXResourcesBuildPhase;
			buildActionMask = 2147483647;
			files = (
			);
			runOnlyForDeploymentPostprocessing = 0;
		};
		ACE5978E1C18830D0031451F /* Resources */ = {
			isa = PBXResourcesBuildPhase;
			buildActionMask = 2147483647;
			files = (
			);
			runOnlyForDeploymentPostprocessing = 0;
		};
		ACE5979F1C18832E0031451F /* Resources */ = {
			isa = PBXResourcesBuildPhase;
			buildActionMask = 2147483647;
			files = (
			);
			runOnlyForDeploymentPostprocessing = 0;
		};
/* End PBXResourcesBuildPhase section */

/* Begin PBXSourcesBuildPhase section */
		9EDCE3DF1C09D211002FA4A7 /* Sources */ = {
			isa = PBXSourcesBuildPhase;
			buildActionMask = 2147483647;
			files = (
				CB5234071EB0EB4600739CFB /* BaseDestination.swift in Sources */,
				CB5234061EB0EB4600739CFB /* AES256CBC.swift in Sources */,
				CB52340C1EB0EB4600739CFB /* SBPlatformDestination.swift in Sources */,
				CB52340D1EB0EB4600739CFB /* SwiftyBeaver.swift in Sources */,
				4D331AE01F1E8EA700B1C25E /* Base64.swift in Sources */,
				9E8F38B61FE12E9800BE9A80 /* Extensions.swift in Sources */,
				CB5234081EB0EB4600739CFB /* ConsoleDestination.swift in Sources */,
				CB52340A1EB0EB4600739CFB /* Filter.swift in Sources */,
				CB5234091EB0EB4600739CFB /* FileDestination.swift in Sources */,
				CB52340B1EB0EB4600739CFB /* GoogleCloudDestination.swift in Sources */,
			);
			runOnlyForDeploymentPostprocessing = 0;
		};
		9EDCE3EA1C09D211002FA4A7 /* Sources */ = {
			isa = PBXSourcesBuildPhase;
			buildActionMask = 2147483647;
			files = (
				9E2AEAD61D9BB46300F21B1F /* SBPlatformDestinationTests.swift in Sources */,
				9E2AEAD51D9BB46300F21B1F /* FilterTests.swift in Sources */,
				9E2AEAD31D9BB46300F21B1F /* DestinationSetTests.swift in Sources */,
				9E2AEAD81D9BB46300F21B1F /* SecretsExample.swift in Sources */,
				9E2AEAD11D9BB46300F21B1F /* AES256CBCTests.swift in Sources */,
				9E2AEAD41D9BB46300F21B1F /* FileDestinationTests.swift in Sources */,
				9E2AEAD91D9BB46300F21B1F /* SwiftyBeaverTests.swift in Sources */,
				4D1720E81E9C083600AB7833 /* GoogleCloudDestinationTests.swift in Sources */,
				9E2AEAD21D9BB46300F21B1F /* BaseDestinationTests.swift in Sources */,
			);
			runOnlyForDeploymentPostprocessing = 0;
		};
		ACE597761C1882DF0031451F /* Sources */ = {
			isa = PBXSourcesBuildPhase;
			buildActionMask = 2147483647;
			files = (
				CB0FC30E1EB8ABA00094E03A /* SwiftyBeaver.swift in Sources */,
				CB0FC3091EB8ABA00094E03A /* ConsoleDestination.swift in Sources */,
				CB0FC30C1EB8ABA00094E03A /* GoogleCloudDestination.swift in Sources */,
				CB0FC30B1EB8ABA00094E03A /* Filter.swift in Sources */,
				4D331AE21F1E8EAC00B1C25E /* Base64.swift in Sources */,
				9E8F38B81FE12E9800BE9A80 /* Extensions.swift in Sources */,
				CB0FC3071EB8ABA00094E03A /* AES256CBC.swift in Sources */,
				CB0FC30A1EB8ABA00094E03A /* FileDestination.swift in Sources */,
				CB0FC30D1EB8ABA00094E03A /* SBPlatformDestination.swift in Sources */,
				CB0FC3081EB8ABA00094E03A /* BaseDestination.swift in Sources */,
			);
			runOnlyForDeploymentPostprocessing = 0;
		};
		ACE597871C18830D0031451F /* Sources */ = {
			isa = PBXSourcesBuildPhase;
			buildActionMask = 2147483647;
			files = (
				CB0FC3161EB8ABA10094E03A /* SwiftyBeaver.swift in Sources */,
				CB0FC3111EB8ABA10094E03A /* ConsoleDestination.swift in Sources */,
				CB0FC3141EB8ABA10094E03A /* GoogleCloudDestination.swift in Sources */,
				CB0FC3131EB8ABA10094E03A /* Filter.swift in Sources */,
				4D331AE11F1E8EAB00B1C25E /* Base64.swift in Sources */,
				9E8F38B91FE12E9800BE9A80 /* Extensions.swift in Sources */,
				CB0FC30F1EB8ABA10094E03A /* AES256CBC.swift in Sources */,
				CB0FC3121EB8ABA10094E03A /* FileDestination.swift in Sources */,
				CB0FC3151EB8ABA10094E03A /* SBPlatformDestination.swift in Sources */,
				CB0FC3101EB8ABA10094E03A /* BaseDestination.swift in Sources */,
			);
			runOnlyForDeploymentPostprocessing = 0;
		};
		ACE597981C18832E0031451F /* Sources */ = {
			isa = PBXSourcesBuildPhase;
			buildActionMask = 2147483647;
			files = (
				CB0FC31E1EB8ABA10094E03A /* SwiftyBeaver.swift in Sources */,
				CB0FC3191EB8ABA10094E03A /* ConsoleDestination.swift in Sources */,
				CB0FC31C1EB8ABA10094E03A /* GoogleCloudDestination.swift in Sources */,
				CB0FC31B1EB8ABA10094E03A /* Filter.swift in Sources */,
				4D331ADF1F1E8E1100B1C25E /* Base64.swift in Sources */,
				9E8F38BA1FE12E9800BE9A80 /* Extensions.swift in Sources */,
				CB0FC3171EB8ABA10094E03A /* AES256CBC.swift in Sources */,
				CB0FC31A1EB8ABA10094E03A /* FileDestination.swift in Sources */,
				CB0FC31D1EB8ABA10094E03A /* SBPlatformDestination.swift in Sources */,
				CB0FC3181EB8ABA10094E03A /* BaseDestination.swift in Sources */,
			);
			runOnlyForDeploymentPostprocessing = 0;
		};
/* End PBXSourcesBuildPhase section */

/* Begin PBXTargetDependency section */
		9EDCE3F11C09D211002FA4A7 /* PBXTargetDependency */ = {
			isa = PBXTargetDependency;
			target = 9EDCE3E31C09D211002FA4A7 /* SwiftyBeaver (iOS) */;
			targetProxy = 9EDCE3F01C09D211002FA4A7 /* PBXContainerItemProxy */;
		};
/* End PBXTargetDependency section */

/* Begin XCBuildConfiguration section */
		9EDCE3F61C09D211002FA4A7 /* Debug */ = {
			isa = XCBuildConfiguration;
			buildSettings = {
				ALWAYS_SEARCH_USER_PATHS = NO;
				CLANG_CXX_LANGUAGE_STANDARD = "gnu++0x";
				CLANG_CXX_LIBRARY = "libc++";
				CLANG_ENABLE_MODULES = YES;
				CLANG_ENABLE_OBJC_ARC = YES;
				CLANG_WARN_BLOCK_CAPTURE_AUTORELEASING = YES;
				CLANG_WARN_BOOL_CONVERSION = YES;
				CLANG_WARN_COMMA = YES;
				CLANG_WARN_CONSTANT_CONVERSION = YES;
				CLANG_WARN_DEPRECATED_OBJC_IMPLEMENTATIONS = YES;
				CLANG_WARN_DIRECT_OBJC_ISA_USAGE = YES_ERROR;
				CLANG_WARN_EMPTY_BODY = YES;
				CLANG_WARN_ENUM_CONVERSION = YES;
				CLANG_WARN_INFINITE_RECURSION = YES;
				CLANG_WARN_INT_CONVERSION = YES;
				CLANG_WARN_NON_LITERAL_NULL_CONVERSION = YES;
				CLANG_WARN_OBJC_IMPLICIT_RETAIN_SELF = YES;
				CLANG_WARN_OBJC_LITERAL_CONVERSION = YES;
				CLANG_WARN_OBJC_ROOT_CLASS = YES_ERROR;
				CLANG_WARN_RANGE_LOOP_ANALYSIS = YES;
				CLANG_WARN_STRICT_PROTOTYPES = YES;
				CLANG_WARN_SUSPICIOUS_MOVE = YES;
				CLANG_WARN_UNREACHABLE_CODE = YES;
				CLANG_WARN__DUPLICATE_METHOD_MATCH = YES;
				"CODE_SIGN_IDENTITY[sdk=iphoneos*]" = "iPhone Developer";
				COPY_PHASE_STRIP = NO;
				CURRENT_PROJECT_VERSION = 1;
				DEBUG_INFORMATION_FORMAT = dwarf;
				ENABLE_STRICT_OBJC_MSGSEND = YES;
				ENABLE_TESTABILITY = YES;
				GCC_C_LANGUAGE_STANDARD = gnu99;
				GCC_DYNAMIC_NO_PIC = NO;
				GCC_NO_COMMON_BLOCKS = YES;
				GCC_OPTIMIZATION_LEVEL = 0;
				GCC_PREPROCESSOR_DEFINITIONS = (
					"DEBUG=1",
					"$(inherited)",
				);
				GCC_WARN_64_TO_32_BIT_CONVERSION = YES;
				GCC_WARN_ABOUT_RETURN_TYPE = YES_ERROR;
				GCC_WARN_UNDECLARED_SELECTOR = YES;
				GCC_WARN_UNINITIALIZED_AUTOS = YES_AGGRESSIVE;
				GCC_WARN_UNUSED_FUNCTION = YES;
				GCC_WARN_UNUSED_VARIABLE = YES;
				IPHONEOS_DEPLOYMENT_TARGET = 8.0;
				MACOSX_DEPLOYMENT_TARGET = 10.11;
				MTL_ENABLE_DEBUG_INFO = YES;
				ONLY_ACTIVE_ARCH = YES;
				SDKROOT = iphoneos;
				SWIFT_OPTIMIZATION_LEVEL = "-Onone";
				SWIFT_VERSION = 3.0;
				VALID_ARCHS = "$(ARCHS_STANDARD)";
				VERSIONING_SYSTEM = "apple-generic";
				VERSION_INFO_PREFIX = "";
			};
			name = Debug;
		};
		9EDCE3F71C09D211002FA4A7 /* Release */ = {
			isa = XCBuildConfiguration;
			buildSettings = {
				ALWAYS_SEARCH_USER_PATHS = NO;
				CLANG_CXX_LANGUAGE_STANDARD = "gnu++0x";
				CLANG_CXX_LIBRARY = "libc++";
				CLANG_ENABLE_MODULES = YES;
				CLANG_ENABLE_OBJC_ARC = YES;
				CLANG_WARN_BLOCK_CAPTURE_AUTORELEASING = YES;
				CLANG_WARN_BOOL_CONVERSION = YES;
				CLANG_WARN_COMMA = YES;
				CLANG_WARN_CONSTANT_CONVERSION = YES;
				CLANG_WARN_DEPRECATED_OBJC_IMPLEMENTATIONS = YES;
				CLANG_WARN_DIRECT_OBJC_ISA_USAGE = YES_ERROR;
				CLANG_WARN_EMPTY_BODY = YES;
				CLANG_WARN_ENUM_CONVERSION = YES;
				CLANG_WARN_INFINITE_RECURSION = YES;
				CLANG_WARN_INT_CONVERSION = YES;
				CLANG_WARN_NON_LITERAL_NULL_CONVERSION = YES;
				CLANG_WARN_OBJC_IMPLICIT_RETAIN_SELF = YES;
				CLANG_WARN_OBJC_LITERAL_CONVERSION = YES;
				CLANG_WARN_OBJC_ROOT_CLASS = YES_ERROR;
				CLANG_WARN_RANGE_LOOP_ANALYSIS = YES;
				CLANG_WARN_STRICT_PROTOTYPES = YES;
				CLANG_WARN_SUSPICIOUS_MOVE = YES;
				CLANG_WARN_UNREACHABLE_CODE = YES;
				CLANG_WARN__DUPLICATE_METHOD_MATCH = YES;
				"CODE_SIGN_IDENTITY[sdk=iphoneos*]" = "iPhone Developer";
				COPY_PHASE_STRIP = NO;
				CURRENT_PROJECT_VERSION = 1;
				DEBUG_INFORMATION_FORMAT = "dwarf-with-dsym";
				ENABLE_NS_ASSERTIONS = NO;
				ENABLE_STRICT_OBJC_MSGSEND = YES;
				GCC_C_LANGUAGE_STANDARD = gnu99;
				GCC_NO_COMMON_BLOCKS = YES;
				GCC_WARN_64_TO_32_BIT_CONVERSION = YES;
				GCC_WARN_ABOUT_RETURN_TYPE = YES_ERROR;
				GCC_WARN_UNDECLARED_SELECTOR = YES;
				GCC_WARN_UNINITIALIZED_AUTOS = YES_AGGRESSIVE;
				GCC_WARN_UNUSED_FUNCTION = YES;
				GCC_WARN_UNUSED_VARIABLE = YES;
				IPHONEOS_DEPLOYMENT_TARGET = 8.0;
				MACOSX_DEPLOYMENT_TARGET = 10.11;
				MTL_ENABLE_DEBUG_INFO = NO;
				ONLY_ACTIVE_ARCH = NO;
				SDKROOT = iphoneos;
				SWIFT_VERSION = 3.0;
				VALIDATE_PRODUCT = YES;
				VALID_ARCHS = "$(ARCHS_STANDARD)";
				VERSIONING_SYSTEM = "apple-generic";
				VERSION_INFO_PREFIX = "";
			};
			name = Release;
		};
		9EDCE3F91C09D211002FA4A7 /* Debug */ = {
			isa = XCBuildConfiguration;
			buildSettings = {
				APPLICATION_EXTENSION_API_ONLY = YES;
				CLANG_ENABLE_MODULES = YES;
				"CODE_SIGN_IDENTITY[sdk=iphoneos*]" = "";
				DEFINES_MODULE = YES;
				DYLIB_COMPATIBILITY_VERSION = 1;
				DYLIB_CURRENT_VERSION = 1;
				DYLIB_INSTALL_NAME_BASE = "@rpath";
				INFOPLIST_FILE = Info.plist;
				INSTALL_PATH = "$(LOCAL_LIBRARY_DIR)/Frameworks";
				LD_RUNPATH_SEARCH_PATHS = "$(inherited) @executable_path/Frameworks @loader_path/Frameworks";
				PRODUCT_BUNDLE_IDENTIFIER = com.SwiftyBeaver.SwiftyBeaver;
				PRODUCT_NAME = SwiftyBeaver;
				SKIP_INSTALL = YES;
				SWIFT_OPTIMIZATION_LEVEL = "-Onone";
				SWIFT_VERSION = 3.0;
			};
			name = Debug;
		};
		9EDCE3FA1C09D211002FA4A7 /* Release */ = {
			isa = XCBuildConfiguration;
			buildSettings = {
				APPLICATION_EXTENSION_API_ONLY = YES;
				CLANG_ENABLE_MODULES = YES;
				"CODE_SIGN_IDENTITY[sdk=iphoneos*]" = "";
				DEFINES_MODULE = YES;
				DYLIB_COMPATIBILITY_VERSION = 1;
				DYLIB_CURRENT_VERSION = 1;
				DYLIB_INSTALL_NAME_BASE = "@rpath";
				INFOPLIST_FILE = Info.plist;
				INSTALL_PATH = "$(LOCAL_LIBRARY_DIR)/Frameworks";
				LD_RUNPATH_SEARCH_PATHS = "$(inherited) @executable_path/Frameworks @loader_path/Frameworks";
				PRODUCT_BUNDLE_IDENTIFIER = com.SwiftyBeaver.SwiftyBeaver;
				PRODUCT_NAME = SwiftyBeaver;
				SKIP_INSTALL = YES;
				SWIFT_OPTIMIZATION_LEVEL = "-Owholemodule";
				SWIFT_VERSION = 3.0;
			};
			name = Release;
		};
		9EDCE3FC1C09D211002FA4A7 /* Debug */ = {
			isa = XCBuildConfiguration;
			buildSettings = {
				CLANG_ENABLE_MODULES = YES;
				"CODE_SIGN_IDENTITY[sdk=iphoneos*]" = "iPhone Developer";
				INFOPLIST_FILE = Tests/Info.plist;
				LD_RUNPATH_SEARCH_PATHS = "$(inherited) @executable_path/Frameworks @loader_path/Frameworks";
				PRODUCT_BUNDLE_IDENTIFIER = com.SwiftyBeaver.SwiftyBeaverTests;
				PRODUCT_NAME = "$(TARGET_NAME)";
				SWIFT_OPTIMIZATION_LEVEL = "-Onone";
				SWIFT_VERSION = 3.0;
			};
			name = Debug;
		};
		9EDCE3FD1C09D211002FA4A7 /* Release */ = {
			isa = XCBuildConfiguration;
			buildSettings = {
				CLANG_ENABLE_MODULES = YES;
				"CODE_SIGN_IDENTITY[sdk=iphoneos*]" = "iPhone Developer";
				INFOPLIST_FILE = Tests/Info.plist;
				LD_RUNPATH_SEARCH_PATHS = "$(inherited) @executable_path/Frameworks @loader_path/Frameworks";
				PRODUCT_BUNDLE_IDENTIFIER = com.SwiftyBeaver.SwiftyBeaverTests;
				PRODUCT_NAME = "$(TARGET_NAME)";
				SWIFT_OPTIMIZATION_LEVEL = "-Owholemodule";
				SWIFT_VERSION = 3.0;
			};
			name = Release;
		};
		ACE597821C1882DF0031451F /* Debug */ = {
			isa = XCBuildConfiguration;
			buildSettings = {
				APPLICATION_EXTENSION_API_ONLY = YES;
				CLANG_ENABLE_MODULES = YES;
				"CODE_SIGN_IDENTITY[sdk=watchos*]" = "";
				DEFINES_MODULE = YES;
				DYLIB_COMPATIBILITY_VERSION = 1;
				DYLIB_CURRENT_VERSION = 1;
				DYLIB_INSTALL_NAME_BASE = "@rpath";
				ENABLE_BITCODE = YES;
				INFOPLIST_FILE = Info.plist;
				INSTALL_PATH = "$(LOCAL_LIBRARY_DIR)/Frameworks";
				LD_RUNPATH_SEARCH_PATHS = "$(inherited) @executable_path/Frameworks @loader_path/Frameworks";
				PRODUCT_BUNDLE_IDENTIFIER = com.SwiftyBeaver.SwiftyBeaver;
				PRODUCT_NAME = SwiftyBeaver;
				SDKROOT = watchos;
				SKIP_INSTALL = YES;
				SUPPORTED_PLATFORMS = "watchsimulator watchos";
				SWIFT_OPTIMIZATION_LEVEL = "-Onone";
				SWIFT_VERSION = 3.0;
				VALID_ARCHS = "$(ARCHS_STANDARD)";
				WATCHOS_DEPLOYMENT_TARGET = 3.0;
			};
			name = Debug;
		};
		ACE597831C1882DF0031451F /* Release */ = {
			isa = XCBuildConfiguration;
			buildSettings = {
				APPLICATION_EXTENSION_API_ONLY = YES;
				CLANG_ENABLE_MODULES = YES;
				"CODE_SIGN_IDENTITY[sdk=watchos*]" = "";
				DEFINES_MODULE = YES;
				DYLIB_COMPATIBILITY_VERSION = 1;
				DYLIB_CURRENT_VERSION = 1;
				DYLIB_INSTALL_NAME_BASE = "@rpath";
				ENABLE_BITCODE = YES;
				INFOPLIST_FILE = Info.plist;
				INSTALL_PATH = "$(LOCAL_LIBRARY_DIR)/Frameworks";
				LD_RUNPATH_SEARCH_PATHS = "$(inherited) @executable_path/Frameworks @loader_path/Frameworks";
				PRODUCT_BUNDLE_IDENTIFIER = com.SwiftyBeaver.SwiftyBeaver;
				PRODUCT_NAME = SwiftyBeaver;
				SDKROOT = watchos;
				SKIP_INSTALL = YES;
				SUPPORTED_PLATFORMS = "watchsimulator watchos";
				SWIFT_OPTIMIZATION_LEVEL = "-Owholemodule";
				SWIFT_VERSION = 3.0;
				VALID_ARCHS = "$(ARCHS_STANDARD)";
				WATCHOS_DEPLOYMENT_TARGET = 3.0;
			};
			name = Release;
		};
		ACE597931C18830D0031451F /* Debug */ = {
			isa = XCBuildConfiguration;
			buildSettings = {
				APPLICATION_EXTENSION_API_ONLY = YES;
				CLANG_ENABLE_MODULES = YES;
				"CODE_SIGN_IDENTITY[sdk=appletvos*]" = "";
				DEFINES_MODULE = YES;
				DYLIB_COMPATIBILITY_VERSION = 1;
				DYLIB_CURRENT_VERSION = 1;
				DYLIB_INSTALL_NAME_BASE = "@rpath";
				ENABLE_BITCODE = YES;
				INFOPLIST_FILE = Info.plist;
				INSTALL_PATH = "$(LOCAL_LIBRARY_DIR)/Frameworks";
				LD_RUNPATH_SEARCH_PATHS = "$(inherited) @executable_path/Frameworks @loader_path/Frameworks";
				PRODUCT_BUNDLE_IDENTIFIER = com.SwiftyBeaver.SwiftyBeaver;
				PRODUCT_NAME = SwiftyBeaver;
				SDKROOT = appletvos;
				SKIP_INSTALL = YES;
				SUPPORTED_PLATFORMS = "appletvsimulator appletvos";
				SWIFT_OPTIMIZATION_LEVEL = "-Onone";
				SWIFT_VERSION = 3.0;
				TVOS_DEPLOYMENT_TARGET = 9.0;
				VALID_ARCHS = "$(ARCHS_STANDARD)";
			};
			name = Debug;
		};
		ACE597941C18830D0031451F /* Release */ = {
			isa = XCBuildConfiguration;
			buildSettings = {
				APPLICATION_EXTENSION_API_ONLY = YES;
				CLANG_ENABLE_MODULES = YES;
				"CODE_SIGN_IDENTITY[sdk=appletvos*]" = "";
				DEFINES_MODULE = YES;
				DYLIB_COMPATIBILITY_VERSION = 1;
				DYLIB_CURRENT_VERSION = 1;
				DYLIB_INSTALL_NAME_BASE = "@rpath";
				ENABLE_BITCODE = YES;
				INFOPLIST_FILE = Info.plist;
				INSTALL_PATH = "$(LOCAL_LIBRARY_DIR)/Frameworks";
				LD_RUNPATH_SEARCH_PATHS = "$(inherited) @executable_path/Frameworks @loader_path/Frameworks";
				PRODUCT_BUNDLE_IDENTIFIER = com.SwiftyBeaver.SwiftyBeaver;
				PRODUCT_NAME = SwiftyBeaver;
				SDKROOT = appletvos;
				SKIP_INSTALL = YES;
				SUPPORTED_PLATFORMS = "appletvsimulator appletvos";
				SWIFT_OPTIMIZATION_LEVEL = "-Owholemodule";
				SWIFT_VERSION = 3.0;
				TVOS_DEPLOYMENT_TARGET = 9.0;
				VALID_ARCHS = "$(ARCHS_STANDARD)";
			};
			name = Release;
		};
		ACE597A41C18832E0031451F /* Debug */ = {
			isa = XCBuildConfiguration;
			buildSettings = {
				APPLICATION_EXTENSION_API_ONLY = YES;
				CLANG_ENABLE_MODULES = YES;
				CODE_SIGN_IDENTITY = "";
				COMBINE_HIDPI_IMAGES = YES;
				DEFINES_MODULE = YES;
				DYLIB_COMPATIBILITY_VERSION = 1;
				DYLIB_CURRENT_VERSION = 1;
				DYLIB_INSTALL_NAME_BASE = "@rpath";
				INFOPLIST_FILE = Info.plist;
				INSTALL_PATH = "$(LOCAL_LIBRARY_DIR)/Frameworks";
				LD_RUNPATH_SEARCH_PATHS = "$(inherited) @executable_path/Frameworks @loader_path/Frameworks";
				MACOSX_DEPLOYMENT_TARGET = 10.10;
				PRODUCT_BUNDLE_IDENTIFIER = com.SwiftyBeaver.SwiftyBeaver;
				PRODUCT_NAME = SwiftyBeaver;
				SDKROOT = macosx;
				SKIP_INSTALL = YES;
				SUPPORTED_PLATFORMS = macosx;
				SWIFT_OPTIMIZATION_LEVEL = "-Onone";
				SWIFT_VERSION = 3.0;
				VALID_ARCHS = "$(ARCHS_STANDARD)";
			};
			name = Debug;
		};
		ACE597A51C18832E0031451F /* Release */ = {
			isa = XCBuildConfiguration;
			buildSettings = {
				APPLICATION_EXTENSION_API_ONLY = YES;
				CLANG_ENABLE_MODULES = YES;
				CODE_SIGN_IDENTITY = "";
				COMBINE_HIDPI_IMAGES = YES;
				DEFINES_MODULE = YES;
				DYLIB_COMPATIBILITY_VERSION = 1;
				DYLIB_CURRENT_VERSION = 1;
				DYLIB_INSTALL_NAME_BASE = "@rpath";
				INFOPLIST_FILE = Info.plist;
				INSTALL_PATH = "$(LOCAL_LIBRARY_DIR)/Frameworks";
				LD_RUNPATH_SEARCH_PATHS = "$(inherited) @executable_path/Frameworks @loader_path/Frameworks";
				MACOSX_DEPLOYMENT_TARGET = 10.10;
				PRODUCT_BUNDLE_IDENTIFIER = com.SwiftyBeaver.SwiftyBeaver;
				PRODUCT_NAME = SwiftyBeaver;
				SDKROOT = macosx;
				SKIP_INSTALL = YES;
				SUPPORTED_PLATFORMS = macosx;
				SWIFT_OPTIMIZATION_LEVEL = "-Owholemodule";
				SWIFT_VERSION = 3.0;
				VALID_ARCHS = "$(ARCHS_STANDARD)";
			};
			name = Release;
		};
/* End XCBuildConfiguration section */

/* Begin XCConfigurationList section */
		9EDCE3DE1C09D211002FA4A7 /* Build configuration list for PBXProject "SwiftyBeaver" */ = {
			isa = XCConfigurationList;
			buildConfigurations = (
				9EDCE3F61C09D211002FA4A7 /* Debug */,
				9EDCE3F71C09D211002FA4A7 /* Release */,
			);
			defaultConfigurationIsVisible = 0;
			defaultConfigurationName = Release;
		};
		9EDCE3F81C09D211002FA4A7 /* Build configuration list for PBXNativeTarget "SwiftyBeaver (iOS)" */ = {
			isa = XCConfigurationList;
			buildConfigurations = (
				9EDCE3F91C09D211002FA4A7 /* Debug */,
				9EDCE3FA1C09D211002FA4A7 /* Release */,
			);
			defaultConfigurationIsVisible = 0;
			defaultConfigurationName = Release;
		};
		9EDCE3FB1C09D211002FA4A7 /* Build configuration list for PBXNativeTarget "SwiftyBeaverTests" */ = {
			isa = XCConfigurationList;
			buildConfigurations = (
				9EDCE3FC1C09D211002FA4A7 /* Debug */,
				9EDCE3FD1C09D211002FA4A7 /* Release */,
			);
			defaultConfigurationIsVisible = 0;
			defaultConfigurationName = Release;
		};
		ACE597811C1882DF0031451F /* Build configuration list for PBXNativeTarget "SwiftyBeaver (watchOS)" */ = {
			isa = XCConfigurationList;
			buildConfigurations = (
				ACE597821C1882DF0031451F /* Debug */,
				ACE597831C1882DF0031451F /* Release */,
			);
			defaultConfigurationIsVisible = 0;
			defaultConfigurationName = Release;
		};
		ACE597921C18830D0031451F /* Build configuration list for PBXNativeTarget "SwiftyBeaver (tvOS)" */ = {
			isa = XCConfigurationList;
			buildConfigurations = (
				ACE597931C18830D0031451F /* Debug */,
				ACE597941C18830D0031451F /* Release */,
			);
			defaultConfigurationIsVisible = 0;
			defaultConfigurationName = Release;
		};
		ACE597A31C18832E0031451F /* Build configuration list for PBXNativeTarget "SwiftyBeaver (macOS)" */ = {
			isa = XCConfigurationList;
			buildConfigurations = (
				ACE597A41C18832E0031451F /* Debug */,
				ACE597A51C18832E0031451F /* Release */,
			);
			defaultConfigurationIsVisible = 0;
			defaultConfigurationName = Release;
		};
/* End XCConfigurationList section */
	};
	rootObject = 9EDCE3DB1C09D211002FA4A7 /* Project object */;
}
